
Microsoft Visual Studio Solution File, Format Version 12.00
# Visual Studio Version 17
VisualStudioVersion = 17.2.32616.157
MinimumVisualStudioVersion = 10.0.40219.1
Project("{FAE04EC0-301F-11D3-BF4B-00C04F79EFBC}") = "Api.Example", "Api.Example\Api.Example.csproj", "{9E824BD4-36B0-40EB-B8A3-4735B46002EC}"
EndProject
Project("{FAE04EC0-301F-11D3-BF4B-00C04F79EFBC}") = "Api.Brive.Entities", "Api.Brive.Entities\Api.Brive.Entities.csproj", "{3E1E6881-0872-4F73-BF0D-8AACA2B9C07A}"
EndProject
Project("{FAE04EC0-301F-11D3-BF4B-00C04F79EFBC}") = "Api.brive.DataAccess", "Api.brive.DataAccess\Api.brive.DataAccess.csproj", "{16CDA6BC-4E0C-4BE1-A387-F1E055EF00CF}"
EndProject
Project("{FAE04EC0-301F-11D3-BF4B-00C04F79EFBC}") = "Brive.Api.BusinessLogic", "Brive.Api.BusinessLogic\Brive.Api.BusinessLogic.csproj", "{B38207AC-18FF-478B-8847-7E7E988564D4}"
EndProject
Project("{FAE04EC0-301F-11D3-BF4B-00C04F79EFBC}") = "Api.Brive.Helpers", "Api.Brive.Helpers\Api.Brive.Helpers.csproj", "{5187E267-4F8A-41D5-B1CA-B743F70EAEA1}"
EndProject
Global
	GlobalSection(SolutionConfigurationPlatforms) = preSolution
		Debug|Any CPU = Debug|Any CPU
		Release|Any CPU = Release|Any CPU
	EndGlobalSection
	GlobalSection(ProjectConfigurationPlatforms) = postSolution
		{9E824BD4-36B0-40EB-B8A3-4735B46002EC}.Debug|Any CPU.ActiveCfg = Debug|Any CPU
		{9E824BD4-36B0-40EB-B8A3-4735B46002EC}.Debug|Any CPU.Build.0 = Debug|Any CPU
		{9E824BD4-36B0-40EB-B8A3-4735B46002EC}.Release|Any CPU.ActiveCfg = Release|Any CPU
		{9E824BD4-36B0-40EB-B8A3-4735B46002EC}.Release|Any CPU.Build.0 = Release|Any CPU
		{3E1E6881-0872-4F73-BF0D-8AACA2B9C07A}.Debug|Any CPU.ActiveCfg = Debug|Any CPU
		{3E1E6881-0872-4F73-BF0D-8AACA2B9C07A}.Debug|Any CPU.Build.0 = Debug|Any CPU
		{3E1E6881-0872-4F73-BF0D-8AACA2B9C07A}.Release|Any CPU.ActiveCfg = Release|Any CPU
		{3E1E6881-0872-4F73-BF0D-8AACA2B9C07A}.Release|Any CPU.Build.0 = Release|Any CPU
		{16CDA6BC-4E0C-4BE1-A387-F1E055EF00CF}.Debug|Any CPU.ActiveCfg = Debug|Any CPU
		{16CDA6BC-4E0C-4BE1-A387-F1E055EF00CF}.Debug|Any CPU.Build.0 = Debug|Any CPU
		{16CDA6BC-4E0C-4BE1-A387-F1E055EF00CF}.Release|Any CPU.ActiveCfg = Release|Any CPU
		{16CDA6BC-4E0C-4BE1-A387-F1E055EF00CF}.Release|Any CPU.Build.0 = Release|Any CPU
		{B38207AC-18FF-478B-8847-7E7E988564D4}.Debug|Any CPU.ActiveCfg = Debug|Any CPU
		{B38207AC-18FF-478B-8847-7E7E988564D4}.Debug|Any CPU.Build.0 = Debug|Any CPU
		{B38207AC-18FF-478B-8847-7E7E988564D4}.Release|Any CPU.ActiveCfg = Release|Any CPU
		{B38207AC-18FF-478B-8847-7E7E988564D4}.Release|Any CPU.Build.0 = Release|Any CPU
		{5187E267-4F8A-41D5-B1CA-B743F70EAEA1}.Debug|Any CPU.ActiveCfg = Debug|Any CPU
		{5187E267-4F8A-41D5-B1CA-B743F70EAEA1}.Debug|Any CPU.Build.0 = Debug|Any CPU
		{5187E267-4F8A-41D5-B1CA-B743F70EAEA1}.Release|Any CPU.ActiveCfg = Release|Any CPU
		{5187E267-4F8A-41D5-B1CA-B743F70EAEA1}.Release|Any CPU.Build.0 = Release|Any CPU
	EndGlobalSection
	GlobalSection(SolutionProperties) = preSolution
		HideSolutionNode = FALSE
	EndGlobalSection
	GlobalSection(ExtensibilityGlobals) = postSolution
		SolutionGuid = {BEDD94B3-4191-48CF-83B0-BD248528E5C2}
	EndGlobalSection
EndGlobal
